
Microsoft Visual Studio Solution File, Format Version 12.00
# Visual Studio Version 16
VisualStudioVersion = 16.0.32002.261
MinimumVisualStudioVersion = 10.0.40219.1
Project("{9A19103F-16F7-4668-BE54-9A1E7A4F7556}") = "R5T.NG0002", "R5T.NG0002\R5T.NG0002.csproj", "{91EFB2A9-ECAB-4B0D-9EC7-B9D1B26FEEDE}"
EndProject
Global
	GlobalSection(SolutionConfigurationPlatforms) = preSolution
		Debug|Any CPU = Debug|Any CPU
		Release|Any CPU = Release|Any CPU
	EndGlobalSection
	GlobalSection(ProjectConfigurationPlatforms) = postSolution
		{91EFB2A9-ECAB-4B0D-9EC7-B9D1B26FEEDE}.Debug|Any CPU.ActiveCfg = Debug|Any CPU
		{91EFB2A9-ECAB-4B0D-9EC7-B9D1B26FEEDE}.Debug|Any CPU.Build.0 = Debug|Any CPU
		{91EFB2A9-ECAB-4B0D-9EC7-B9D1B26FEEDE}.Release|Any CPU.ActiveCfg = Release|Any CPU
		{91EFB2A9-ECAB-4B0D-9EC7-B9D1B26FEEDE}.Release|Any CPU.Build.0 = Release|Any CPU
	EndGlobalSection
	GlobalSection(SolutionProperties) = preSolution
		HideSolutionNode = FALSE
	EndGlobalSection
	GlobalSection(ExtensibilityGlobals) = postSolution
		SolutionGuid = {282A2233-62A9-4E72-BA8C-4CBD84DBDC0F}
	EndGlobalSection
EndGlobal
